{
  "nodes": {
    "home-manager": {
      "inputs": {
        "nixpkgs": [
          "nixpkgs"
        ]
      },
      "locked": {
        "lastModified": 1756842514,
        "narHash": "sha256-XbtRMewPGJwTNhBC4pnBu3w/xT1XejvB0HfohC2Kga8=",
        "owner": "nix-community",
        "repo": "home-manager",
        "rev": "30fc1b532645a21e157b6e33e3f8b4c154f86382",
        "type": "github"
      },
      "original": {
        "owner": "nix-community",
        "ref": "master",
        "repo": "home-manager",
        "type": "github"
      }
    },
    "nixos-loongarch64-builder": {
      "inputs": {
        "nixpkgs": "nixpkgs",
        "rust-overlay": "rust-overlay"
      },
      "locked": {
        "lastModified": 1756837252,
        "narHash": "sha256-XBV6DtV3m7EiFDKRaVO30ZEeRkOLs78k7CXivDMtV7E=",
        "owner": "FZDSLR",
        "repo": "nixos-loongarch64-builder",
        "rev": "31bfb4cda0e5be465a09edfd0deba64bd0bdb196",
        "type": "github"
      },
      "original": {
        "owner": "FZDSLR",
        "repo": "nixos-loongarch64-builder",
        "type": "github"
      }
    },
    "nixos-loongarch64-sd-image-builder": {
      "inputs": {
        "nixos-loongarch64-builder": [
          "nixos-loongarch64-builder"
        ],
        "nixpkgs": [
          "nixos-loongarch64-sd-image-builder",
          "nixos-loongarch64-builder",
          "nixpkgs"
        ],
        "rust-overlay": [
          "nixos-loongarch64-sd-image-builder",
          "nixos-loongarch64-builder",
          "rust-overlay"
        ]
      },
      "locked": {
        "lastModified": 1756764643,
        "narHash": "sha256-6DJ8Gu10eH3C4kruPVvNXZL21JlFuhgGGgFWj27419o=",
        "owner": "FZDSLR",
        "repo": "nixos-loongarch64-sd-image-builder",
        "rev": "609898ac42e81a6212b12f622a1b28a37d3b6983",
        "type": "github"
      },
      "original": {
        "owner": "FZDSLR",
        "repo": "nixos-loongarch64-sd-image-builder",
        "type": "github"
      }
    },
    "nixpkgs": {
      "locked": {
        "lastModified": 1756542300,
        "narHash": "sha256-tlOn88coG5fzdyqz6R93SQL5Gpq+m/DsWpekNFhqPQk=",
        "owner": "NixOS",
        "repo": "nixpkgs",
        "rev": "d7600c775f877cd87b4f5a831c28aa94137377aa",
        "type": "github"
      },
      "original": {
        "owner": "NixOS",
        "ref": "nixos-unstable",
        "repo": "nixpkgs",
        "type": "github"
      }
    },
    "root": {
      "inputs": {
        "home-manager": "home-manager",
        "nixos-loongarch64-builder": "nixos-loongarch64-builder",
        "nixos-loongarch64-sd-image-builder": "nixos-loongarch64-sd-image-builder",
        "nixpkgs": [
          "nixos-loongarch64-builder",
          "nixpkgs"
        ],
        "rust-overlay": [
          "nixos-loongarch64-builder",
          "rust-overlay"
        ]
      }
    },
    "rust-overlay": {
      "inputs": {
        "nixpkgs": [
          "nixos-loongarch64-builder",
          "nixpkgs"
        ]
      },
      "locked": {
        "lastModified": 1756780571,
        "narHash": "sha256-xX0B7Sgx3OQvf6anaNW0vXyYDXbchSx2mnT8rqAPbWA=",
        "owner": "oxalica",
        "repo": "rust-overlay",
        "rev": "2c18db2acc837a71146ed2d6dae27bf03e3b7a4b",
        "type": "github"
      },
      "original": {
        "owner": "oxalica",
        "repo": "rust-overlay",
        "type": "github"
      }
    }
  },
  "root": "root",
  "version": 7
}
