{
  "nodes": {
    "home-manager": {
      "inputs": {
        "nixpkgs": [
          "nixpkgs"
        ]
      },
      "locked": {
        "lastModified": 1760295538,
        "narHash": "sha256-SgnrSgyWj2ezIftKRpf+C6AdYqTkXN4iJA+JRQtdjrk=",
        "owner": "nix-community",
        "repo": "home-manager",
        "rev": "904fa32d77609f281ef32d5209926d81848b687a",
        "type": "github"
      },
      "original": {
        "owner": "nix-community",
        "ref": "master",
        "repo": "home-manager",
        "type": "github"
      }
    },
    "nixos-loongarch64-builder": {
      "inputs": {
        "nixpkgs": "nixpkgs",
        "rust-overlay": "rust-overlay"
      },
      "locked": {
        "lastModified": 1760293245,
        "narHash": "sha256-s13DkBMQyvGzaxwCIshiIXxMeEvXhL6rWkkZD9af57g=",
        "owner": "FZDSLR",
        "repo": "nixos-loongarch64-builder",
        "rev": "1500c7b16e007fa8069cd3ed587e0762310f0bfe",
        "type": "github"
      },
      "original": {
        "owner": "FZDSLR",
        "repo": "nixos-loongarch64-builder",
        "type": "github"
      }
    },
    "nixos-loongarch64-sd-image-builder": {
      "inputs": {
        "nixos-loongarch64-builder": [
          "nixos-loongarch64-builder"
        ],
        "nixpkgs": [
          "nixos-loongarch64-sd-image-builder",
          "nixos-loongarch64-builder",
          "nixpkgs"
        ],
        "rust-overlay": [
          "nixos-loongarch64-sd-image-builder",
          "nixos-loongarch64-builder",
          "rust-overlay"
        ]
      },
      "locked": {
        "lastModified": 1760220592,
        "narHash": "sha256-lEPrDlIw3swSeJc0urPNWCn0LxRUjEcWeRexSdJ59ZA=",
        "owner": "FZDSLR",
        "repo": "nixos-loongarch64-sd-image-builder",
        "rev": "5b6b3abbd7b631b9cf4ab944964fa183633f969b",
        "type": "github"
      },
      "original": {
        "owner": "FZDSLR",
        "repo": "nixos-loongarch64-sd-image-builder",
        "type": "github"
      }
    },
    "nixpkgs": {
      "locked": {
        "lastModified": 1760038930,
        "narHash": "sha256-Oncbh0UmHjSlxO7ErQDM3KM0A5/Znfofj2BSzlHLeVw=",
        "owner": "NixOS",
        "repo": "nixpkgs",
        "rev": "0b4defa2584313f3b781240b29d61f6f9f7e0df3",
        "type": "github"
      },
      "original": {
        "owner": "NixOS",
        "ref": "nixos-unstable",
        "repo": "nixpkgs",
        "type": "github"
      }
    },
    "root": {
      "inputs": {
        "home-manager": "home-manager",
        "nixos-loongarch64-builder": "nixos-loongarch64-builder",
        "nixos-loongarch64-sd-image-builder": "nixos-loongarch64-sd-image-builder",
        "nixpkgs": [
          "nixos-loongarch64-builder",
          "nixpkgs"
        ],
        "rust-overlay": [
          "nixos-loongarch64-builder",
          "rust-overlay"
        ]
      }
    },
    "rust-overlay": {
      "inputs": {
        "nixpkgs": [
          "nixos-loongarch64-builder",
          "nixpkgs"
        ]
      },
      "locked": {
        "lastModified": 1760236527,
        "narHash": "sha256-h9+WEQtUIZaZMvA1pnbZbMM+5X39OFnW92Q8hNoToD0=",
        "owner": "oxalica",
        "repo": "rust-overlay",
        "rev": "a38dd7f462825c75ce8567816ae38c2e7d826bfa",
        "type": "github"
      },
      "original": {
        "owner": "oxalica",
        "repo": "rust-overlay",
        "type": "github"
      }
    }
  },
  "root": "root",
  "version": 7
}
