{
  "nodes": {
    "home-manager": {
      "inputs": {
        "nixpkgs": [
          "nixpkgs"
        ]
      },
      "locked": {
        "lastModified": 1766682973,
        "narHash": "sha256-GKO35onS711ThCxwWcfuvbIBKXwriahGqs+WZuJ3v9E=",
        "owner": "nix-community",
        "repo": "home-manager",
        "rev": "91cdb0e2d574c64fae80d221f4bf09d5592e9ec2",
        "type": "github"
      },
      "original": {
        "owner": "nix-community",
        "ref": "master",
        "repo": "home-manager",
        "type": "github"
      }
    },
    "nixos-loongarch64-builder": {
      "inputs": {
        "nixpkgs": "nixpkgs",
        "rust-overlay": "rust-overlay"
      },
      "locked": {
        "lastModified": 1766773731,
        "narHash": "sha256-WZJV5wx03qO/2nWApt5faiDjkopsQ/bcJayu4KH6PNY=",
        "owner": "FZDSLR",
        "repo": "nixos-loongarch64-builder",
        "rev": "30784cdf5f4db5eb07b0010702a511bdee79f3dc",
        "type": "github"
      },
      "original": {
        "owner": "FZDSLR",
        "repo": "nixos-loongarch64-builder",
        "type": "github"
      }
    },
    "nixos-loongarch64-sd-image-builder": {
      "inputs": {
        "nixos-loongarch64-builder": [
          "nixos-loongarch64-builder"
        ],
        "nixpkgs": [
          "nixos-loongarch64-sd-image-builder",
          "nixos-loongarch64-builder",
          "nixpkgs"
        ],
        "rust-overlay": [
          "nixos-loongarch64-sd-image-builder",
          "nixos-loongarch64-builder",
          "rust-overlay"
        ]
      },
      "locked": {
        "lastModified": 1766700755,
        "narHash": "sha256-p+JBcnDd9+AqwhgBk/BMdTlTlkjvj1l+76agVvG/ztk=",
        "owner": "FZDSLR",
        "repo": "nixos-loongarch64-sd-image-builder",
        "rev": "0f5349743d2f6597ba346d66a22a466b1e417ed8",
        "type": "github"
      },
      "original": {
        "owner": "FZDSLR",
        "repo": "nixos-loongarch64-sd-image-builder",
        "type": "github"
      }
    },
    "nixpkgs": {
      "locked": {
        "lastModified": 1766651565,
        "narHash": "sha256-QEhk0eXgyIqTpJ/ehZKg9IKS7EtlWxF3N7DXy42zPfU=",
        "owner": "NixOS",
        "repo": "nixpkgs",
        "rev": "3e2499d5539c16d0d173ba53552a4ff8547f4539",
        "type": "github"
      },
      "original": {
        "owner": "NixOS",
        "ref": "nixos-unstable",
        "repo": "nixpkgs",
        "type": "github"
      }
    },
    "root": {
      "inputs": {
        "home-manager": "home-manager",
        "nixos-loongarch64-builder": "nixos-loongarch64-builder",
        "nixos-loongarch64-sd-image-builder": "nixos-loongarch64-sd-image-builder",
        "nixpkgs": [
          "nixos-loongarch64-builder",
          "nixpkgs"
        ],
        "rust-overlay": [
          "nixos-loongarch64-builder",
          "rust-overlay"
        ]
      }
    },
    "rust-overlay": {
      "inputs": {
        "nixpkgs": [
          "nixos-loongarch64-builder",
          "nixpkgs"
        ]
      },
      "locked": {
        "lastModified": 1766717007,
        "narHash": "sha256-ZjLiHCHgoH2maP5ZAKn0anrHymbjGOS5/PZqfJUK8Ik=",
        "owner": "oxalica",
        "repo": "rust-overlay",
        "rev": "a18efe8a9112175e43397cf870fb6bc1ca480548",
        "type": "github"
      },
      "original": {
        "owner": "oxalica",
        "repo": "rust-overlay",
        "type": "github"
      }
    }
  },
  "root": "root",
  "version": 7
}
