{
  "nodes": {
    "nixos-loongarch64-builder": {
      "inputs": {
        "nixpkgs": "nixpkgs",
        "rust-overlay": "rust-overlay"
      },
      "locked": {
        "lastModified": 1749458143,
        "narHash": "sha256-g+mVRPkNJ6+J7eypYvCSd7Uj50KxJtr2EHmJyQ81R8g=",
        "owner": "FZDSLR",
        "repo": "nixos-loongarch64-builder",
        "rev": "b9865df371f092d98427ed9a34ff6ee74ddd5ad7",
        "type": "github"
      },
      "original": {
        "owner": "FZDSLR",
        "repo": "nixos-loongarch64-builder",
        "type": "github"
      }
    },
    "nixpkgs": {
      "locked": {
        "lastModified": 1749405743,
        "narHash": "sha256-6cw4w3u2cHG5mDkHEExEi5dREUeQ7dGxj4BTmhGAdlo=",
        "owner": "NixOS",
        "repo": "nixpkgs",
        "rev": "edc7c67ab709e775526742b9faaca46440bae2f1",
        "type": "github"
      },
      "original": {
        "owner": "NixOS",
        "ref": "master",
        "repo": "nixpkgs",
        "type": "github"
      }
    },
    "root": {
      "inputs": {
        "nixos-loongarch64-builder": "nixos-loongarch64-builder",
        "nixpkgs": [
          "nixos-loongarch64-builder",
          "nixpkgs"
        ],
        "rust-overlay": [
          "nixos-loongarch64-builder",
          "rust-overlay"
        ]
      }
    },
    "rust-overlay": {
      "inputs": {
        "nixpkgs": [
          "nixos-loongarch64-builder",
          "nixpkgs"
        ]
      },
      "locked": {
        "lastModified": 1749350575,
        "narHash": "sha256-ltLegOYrp69v/7BXlNfSwUPrt2DvF7N668pV4a6rWRA=",
        "owner": "oxalica",
        "repo": "rust-overlay",
        "rev": "24d5806474b0779d373f381f00d75ad51fd45099",
        "type": "github"
      },
      "original": {
        "owner": "oxalica",
        "repo": "rust-overlay",
        "type": "github"
      }
    }
  },
  "root": "root",
  "version": 7
}
