{
  "nodes": {
    "nixos-loongarch64-builder": {
      "inputs": {
        "nixpkgs": "nixpkgs",
        "rust-overlay": "rust-overlay"
      },
      "locked": {
        "lastModified": 1749186005,
        "narHash": "sha256-n3NyMDOGWYY4nRgkaRDJ2jsCGucW7dpAIerHDUtL22g=",
        "owner": "FZDSLR",
        "repo": "nixos-loongarch64-builder",
        "rev": "961642708a95c125b6a234f867ec9e80eee21802",
        "type": "github"
      },
      "original": {
        "owner": "FZDSLR",
        "repo": "nixos-loongarch64-builder",
        "type": "github"
      }
    },
    "nixpkgs": {
      "locked": {
        "lastModified": 1749060393,
        "narHash": "sha256-qfbCntYdG/dENSQe+pKisDpbpYEduzR9PsuweKjHxKQ=",
        "owner": "NixOS",
        "repo": "nixpkgs",
        "rev": "968c06a67be7aaea803dd1f47944597fd394e065",
        "type": "github"
      },
      "original": {
        "owner": "NixOS",
        "ref": "master",
        "repo": "nixpkgs",
        "type": "github"
      }
    },
    "root": {
      "inputs": {
        "nixos-loongarch64-builder": "nixos-loongarch64-builder",
        "nixpkgs": [
          "nixos-loongarch64-builder",
          "nixpkgs"
        ],
        "rust-overlay": [
          "nixos-loongarch64-builder",
          "rust-overlay"
        ]
      }
    },
    "rust-overlay": {
      "inputs": {
        "nixpkgs": [
          "nixos-loongarch64-builder",
          "nixpkgs"
        ]
      },
      "locked": {
        "lastModified": 1749091064,
        "narHash": "sha256-TGtYjzRX0sueFhwYsnNNFF5TTKnpnloznpIghLzxeXo=",
        "owner": "oxalica",
        "repo": "rust-overlay",
        "rev": "12419593ce78f2e8e1e89a373c6515885e218acb",
        "type": "github"
      },
      "original": {
        "owner": "oxalica",
        "repo": "rust-overlay",
        "type": "github"
      }
    }
  },
  "root": "root",
  "version": 7
}
